
Microsoft Visual Studio Solution File, Format Version 12.00
# Visual Studio 15
VisualStudioVersion = 15.0.27703.2042
MinimumVisualStudioVersion = 10.0.40219.1
Project("{FAE04EC0-301F-11D3-BF4B-00C04F79EFBC}") = "TaskManager", "TaskManager\TaskManager.csproj", "{716F66FF-9062-414C-BDB5-A22BF3FDB485}"
EndProject
Global
	GlobalSection(SolutionConfigurationPlatforms) = preSolution
		Debug|Any CPU = Debug|Any CPU
		Release|Any CPU = Release|Any CPU
	EndGlobalSection
	GlobalSection(ProjectConfigurationPlatforms) = postSolution
		{716F66FF-9062-414C-BDB5-A22BF3FDB485}.Debug|Any CPU.ActiveCfg = Debug|Any CPU
		{716F66FF-9062-414C-BDB5-A22BF3FDB485}.Debug|Any CPU.Build.0 = Debug|Any CPU
		{716F66FF-9062-414C-BDB5-A22BF3FDB485}.Release|Any CPU.ActiveCfg = Release|Any CPU
		{716F66FF-9062-414C-BDB5-A22BF3FDB485}.Release|Any CPU.Build.0 = Release|Any CPU
	EndGlobalSection
	GlobalSection(SolutionProperties) = preSolution
		HideSolutionNode = FALSE
	EndGlobalSection
	GlobalSection(ExtensibilityGlobals) = postSolution
		SolutionGuid = {51AAC176-B4F4-48F0-A87A-346E5492EC12}
	EndGlobalSection
EndGlobal
